
Microsoft Visual Studio Solution File, Format Version 12.00
# Visual Studio Version 16
VisualStudioVersion = 16.0.30523.141
MinimumVisualStudioVersion = 10.0.40219.1
Project("{FAE04EC0-301F-11D3-BF4B-00C04F79EFBC}") = "petsolutionlogin", "petsolutionlogin\petsolutionlogin.csproj", "{76C2743D-428A-4AD7-AFFF-3DB2F5DB3CD2}"
EndProject
Global
	GlobalSection(SolutionConfigurationPlatforms) = preSolution
		Debug|Any CPU = Debug|Any CPU
		Release|Any CPU = Release|Any CPU
	EndGlobalSection
	GlobalSection(ProjectConfigurationPlatforms) = postSolution
		{76C2743D-428A-4AD7-AFFF-3DB2F5DB3CD2}.Debug|Any CPU.ActiveCfg = Debug|Any CPU
		{76C2743D-428A-4AD7-AFFF-3DB2F5DB3CD2}.Debug|Any CPU.Build.0 = Debug|Any CPU
		{76C2743D-428A-4AD7-AFFF-3DB2F5DB3CD2}.Release|Any CPU.ActiveCfg = Release|Any CPU
		{76C2743D-428A-4AD7-AFFF-3DB2F5DB3CD2}.Release|Any CPU.Build.0 = Release|Any CPU
	EndGlobalSection
	GlobalSection(SolutionProperties) = preSolution
		HideSolutionNode = FALSE
	EndGlobalSection
	GlobalSection(ExtensibilityGlobals) = postSolution
		SolutionGuid = {7A90C930-AF97-4646-A1F0-7A211855EC27}
	EndGlobalSection
EndGlobal
